
Microsoft Visual Studio Solution File, Format Version 12.00
# Visual Studio Version 16
VisualStudioVersion = 16.0.29123.88
MinimumVisualStudioVersion = 10.0.40219.1
Project("{FAE04EC0-301F-11D3-BF4B-00C04F79EFBC}") = "BrianasCoreDemoProject", "BrianasCoreDemoProject\BrianasCoreDemoProject.csproj", "{ACC7A151-0695-4F83-9CBE-6E4C78240D3C}"
EndProject
Global
	GlobalSection(SolutionConfigurationPlatforms) = preSolution
		Debug|Any CPU = Debug|Any CPU
		Release|Any CPU = Release|Any CPU
	EndGlobalSection
	GlobalSection(ProjectConfigurationPlatforms) = postSolution
		{ACC7A151-0695-4F83-9CBE-6E4C78240D3C}.Debug|Any CPU.ActiveCfg = Debug|Any CPU
		{ACC7A151-0695-4F83-9CBE-6E4C78240D3C}.Debug|Any CPU.Build.0 = Debug|Any CPU
		{ACC7A151-0695-4F83-9CBE-6E4C78240D3C}.Release|Any CPU.ActiveCfg = Release|Any CPU
		{ACC7A151-0695-4F83-9CBE-6E4C78240D3C}.Release|Any CPU.Build.0 = Release|Any CPU
	EndGlobalSection
	GlobalSection(SolutionProperties) = preSolution
		HideSolutionNode = FALSE
	EndGlobalSection
	GlobalSection(ExtensibilityGlobals) = postSolution
		SolutionGuid = {2F679053-6FFD-4F2D-BADA-F315B6606640}
	EndGlobalSection
EndGlobal
